// !$*UTF8*$!
{
	archiveVersion = 1;
	classes = {
	};
	objectVersion = 56;
	objects = {

/* Begin PBXBuildFile section */
		C72F27A52BA18B760023A5DF /* AppDelegate.swift in Sources */ = {isa = PBXBuildFile; fileRef = C72F27A42BA18B760023A5DF /* AppDelegate.swift */; };
		C72F27A72BA18B760023A5DF /* SceneDelegate.swift in Sources */ = {isa = PBXBuildFile; fileRef = C72F27A62BA18B760023A5DF /* SceneDelegate.swift */; };
		C72F27A92BA18B760023A5DF /* ViewController.swift in Sources */ = {isa = PBXBuildFile; fileRef = C72F27A82BA18B760023A5DF /* ViewController.swift */; };
		C72F27AC2BA18B760023A5DF /* Main.storyboard in Resources */ = {isa = PBXBuildFile; fileRef = C72F27AA2BA18B760023A5DF /* Main.storyboard */; };
		C72F27AE2BA18B800023A5DF /* Assets.xcassets in Resources */ = {isa = PBXBuildFile; fileRef = C72F27AD2BA18B800023A5DF /* Assets.xcassets */; };
		C72F27B12BA18B800023A5DF /* LaunchScreen.storyboard in Resources */ = {isa = PBXBuildFile; fileRef = C72F27AF2BA18B800023A5DF /* LaunchScreen.storyboard */; };
		C72F27BC2BA18B800023A5DF /* MainProjectTests.swift in Sources */ = {isa = PBXBuildFile; fileRef = C72F27BB2BA18B800023A5DF /* MainProjectTests.swift */; };
		C72F27C62BA18B800023A5DF /* MainProjectUITests.swift in Sources */ = {isa = PBXBuildFile; fileRef = C72F27C52BA18B800023A5DF /* MainProjectUITests.swift */; };
		C72F27C82BA18B800023A5DF /* MainProjectUITestsLaunchTests.swift in Sources */ = {isa = PBXBuildFile; fileRef = C72F27C72BA18B800023A5DF /* MainProjectUITestsLaunchTests.swift */; };
/* End PBXBuildFile section */

/* Begin PBXContainerItemProxy section */
		C72F27B82BA18B800023A5DF /* PBXContainerItemProxy */ = {
			isa = PBXContainerItemProxy;
			containerPortal = C72F27992BA18B760023A5DF /* Project object */;
			proxyType = 1;
			remoteGlobalIDString = C72F27A02BA18B760023A5DF;
			remoteInfo = MainProject;
		};
		C72F27C22BA18B800023A5DF /* PBXContainerItemProxy */ = {
			isa = PBXContainerItemProxy;
			containerPortal = C72F27992BA18B760023A5DF /* Project object */;
			proxyType = 1;
			remoteGlobalIDString = C72F27A02BA18B760023A5DF;
			remoteInfo = MainProject;
		};
/* End PBXContainerItemProxy section */

/* Begin PBXFileReference section */
		C72F27A12BA18B760023A5DF /* MainProject.app */ = {isa = PBXFileReference; explicitFileType = wrapper.application; includeInIndex = 0; path = MainProject.app; sourceTree = BUILT_PRODUCTS_DIR; };
		C72F27A42BA18B760023A5DF /* AppDelegate.swift */ = {isa = PBXFileReference; lastKnownFileType = sourcecode.swift; path = AppDelegate.swift; sourceTree = "<group>"; };
		C72F27A62BA18B760023A5DF /* SceneDelegate.swift */ = {isa = PBXFileReference; lastKnownFileType = sourcecode.swift; path = SceneDelegate.swift; sourceTree = "<group>"; };
		C72F27A82BA18B760023A5DF /* ViewController.swift */ = {isa = PBXFileReference; lastKnownFileType = sourcecode.swift; path = ViewController.swift; sourceTree = "<group>"; };
		C72F27AB2BA18B760023A5DF /* Base */ = {isa = PBXFileReference; lastKnownFileType = file.storyboard; name = Base; path = Base.lproj/Main.storyboard; sourceTree = "<group>"; };
		C72F27AD2BA18B800023A5DF /* Assets.xcassets */ = {isa = PBXFileReference; lastKnownFileType = folder.assetcatalog; path = Assets.xcassets; sourceTree = "<group>"; };
		C72F27B02BA18B800023A5DF /* Base */ = {isa = PBXFileReference; lastKnownFileType = file.storyboard; name = Base; path = Base.lproj/LaunchScreen.storyboard; sourceTree = "<group>"; };
		C72F27B22BA18B800023A5DF /* Info.plist */ = {isa = PBXFileReference; lastKnownFileType = text.plist.xml; path = Info.plist; sourceTree = "<group>"; };
		C72F27B72BA18B800023A5DF /* MainProjectTests.xctest */ = {isa = PBXFileReference; explicitFileType = wrapper.cfbundle; includeInIndex = 0; path = MainProjectTests.xctest; sourceTree = BUILT_PRODUCTS_DIR; };
		C72F27BB2BA18B800023A5DF /* MainProjectTests.swift */ = {isa = PBXFileReference; lastKnownFileType = sourcecode.swift; path = MainProjectTests.swift; sourceTree = "<group>"; };
		C72F27C12BA18B800023A5DF /* MainProjectUITests.xctest */ = {isa = PBXFileReference; explicitFileType = wrapper.cfbundle; includeInIndex = 0; path = MainProjectUITests.xctest; sourceTree = BUILT_PRODUCTS_DIR; };
		C72F27C52BA18B800023A5DF /* MainProjectUITests.swift */ = {isa = PBXFileReference; lastKnownFileType = sourcecode.swift; path = MainProjectUITests.swift; sourceTree = "<group>"; };
		C72F27C72BA18B800023A5DF /* MainProjectUITestsLaunchTests.swift */ = {isa = PBXFileReference; lastKnownFileType = sourcecode.swift; path = MainProjectUITestsLaunchTests.swift; sourceTree = "<group>"; };
/* End PBXFileReference section */

/* Begin PBXFrameworksBuildPhase section */
		C72F279E2BA18B760023A5DF /* Frameworks */ = {
			isa = PBXFrameworksBuildPhase;
			buildActionMask = 2147483647;
			files = (
			);
			runOnlyForDeploymentPostprocessing = 0;
		};
		C72F27B42BA18B800023A5DF /* Frameworks */ = {
			isa = PBXFrameworksBuildPhase;
			buildActionMask = 2147483647;
			files = (
			);
			runOnlyForDeploymentPostprocessing = 0;
		};
		C72F27BE2BA18B800023A5DF /* Frameworks */ = {
			isa = PBXFrameworksBuildPhase;
			buildActionMask = 2147483647;
			files = (
			);
			runOnlyForDeploymentPostprocessing = 0;
		};
/* End PBXFrameworksBuildPhase section */

/* Begin PBXGroup section */
		C72F27982BA18B760023A5DF = {
			isa = PBXGroup;
			children = (
				C72F27A32BA18B760023A5DF /* MainProject */,
				C72F27BA2BA18B800023A5DF /* MainProjectTests */,
				C72F27C42BA18B800023A5DF /* MainProjectUITests */,
				C72F27A22BA18B760023A5DF /* Products */,
			);
			sourceTree = "<group>";
		};
		C72F27A22BA18B760023A5DF /* Products */ = {
			isa = PBXGroup;
			children = (
				C72F27A12BA18B760023A5DF /* MainProject.app */,
				C72F27B72BA18B800023A5DF /* MainProjectTests.xctest */,
				C72F27C12BA18B800023A5DF /* MainProjectUITests.xctest */,
			);
			name = Products;
			sourceTree = "<group>";
		};
		C72F27A32BA18B760023A5DF /* MainProject */ = {
			isa = PBXGroup;
			children = (
				C72F27A42BA18B760023A5DF /* AppDelegate.swift */,
				C72F27A62BA18B760023A5DF /* SceneDelegate.swift */,
				C72F27A82BA18B760023A5DF /* ViewController.swift */,
				C72F27AA2BA18B760023A5DF /* Main.storyboard */,
				C72F27AD2BA18B800023A5DF /* Assets.xcassets */,
				C72F27AF2BA18B800023A5DF /* LaunchScreen.storyboard */,
				C72F27B22BA18B800023A5DF /* Info.plist */,
			);
			path = MainProject;
			sourceTree = "<group>";
		};
		C72F27BA2BA18B800023A5DF /* MainProjectTests */ = {
			isa = PBXGroup;
			children = (
				C72F27BB2BA18B800023A5DF /* MainProjectTests.swift */,
			);
			path = MainProjectTests;
			sourceTree = "<group>";
		};
		C72F27C42BA18B800023A5DF /* MainProjectUITests */ = {
			isa = PBXGroup;
			children = (
				C72F27C52BA18B800023A5DF /* MainProjectUITests.swift */,
				C72F27C72BA18B800023A5DF /* MainProjectUITestsLaunchTests.swift */,
			);
			path = MainProjectUITests;
			sourceTree = "<group>";
		};
/* End PBXGroup section */

/* Begin PBXNativeTarget section */
		C72F27A02BA18B760023A5DF /* MainProject */ = {
			isa = PBXNativeTarget;
			buildConfigurationList = C72F27CB2BA18B800023A5DF /* Build configuration list for PBXNativeTarget "MainProject" */;
			buildPhases = (
				C72F279D2BA18B760023A5DF /* Sources */,
				C72F279E2BA18B760023A5DF /* Frameworks */,
				C72F279F2BA18B760023A5DF /* Resources */,
			);
			buildRules = (
			);
			dependencies = (
			);
			name = MainProject;
			productName = MainProject;
			productReference = C72F27A12BA18B760023A5DF /* MainProject.app */;
			productType = "com.apple.product-type.application";
		};
		C72F27B62BA18B800023A5DF /* MainProjectTests */ = {
			isa = PBXNativeTarget;
			buildConfigurationList = C72F27CE2BA18B800023A5DF /* Build configuration list for PBXNativeTarget "MainProjectTests" */;
			buildPhases = (
				C72F27B32BA18B800023A5DF /* Sources */,
				C72F27B42BA18B800023A5DF /* Frameworks */,
				C72F27B52BA18B800023A5DF /* Resources */,
			);
			buildRules = (
			);
			dependencies = (
				C72F27B92BA18B800023A5DF /* PBXTargetDependency */,
			);
			name = MainProjectTests;
			productName = MainProjectTests;
			productReference = C72F27B72BA18B800023A5DF /* MainProjectTests.xctest */;
			productType = "com.apple.product-type.bundle.unit-test";
		};
		C72F27C02BA18B800023A5DF /* MainProjectUITests */ = {
			isa = PBXNativeTarget;
			buildConfigurationList = C72F27D12BA18B800023A5DF /* Build configuration list for PBXNativeTarget "MainProjectUITests" */;
			buildPhases = (
				C72F27BD2BA18B800023A5DF /* Sources */,
				C72F27BE2BA18B800023A5DF /* Frameworks */,
				C72F27BF2BA18B800023A5DF /* Resources */,
			);
			buildRules = (
			);
			dependencies = (
				C72F27C32BA18B800023A5DF /* PBXTargetDependency */,
			);
			name = MainProjectUITests;
			productName = MainProjectUITests;
			productReference = C72F27C12BA18B800023A5DF /* MainProjectUITests.xctest */;
			productType = "com.apple.product-type.bundle.ui-testing";
		};
/* End PBXNativeTarget section */

/* Begin PBXProject section */
		C72F27992BA18B760023A5DF /* Project object */ = {
			isa = PBXProject;
			attributes = {
				BuildIndependentTargetsInParallel = 1;
				LastSwiftUpdateCheck = 1520;
				LastUpgradeCheck = 1520;
				TargetAttributes = {
					C72F27A02BA18B760023A5DF = {
						CreatedOnToolsVersion = 15.2;
					};
					C72F27B62BA18B800023A5DF = {
						CreatedOnToolsVersion = 15.2;
						TestTargetID = C72F27A02BA18B760023A5DF;
					};
					C72F27C02BA18B800023A5DF = {
						CreatedOnToolsVersion = 15.2;
						TestTargetID = C72F27A02BA18B760023A5DF;
					};
				};
			};
			buildConfigurationList = C72F279C2BA18B760023A5DF /* Build configuration list for PBXProject "MainProject" */;
			compatibilityVersion = "Xcode 14.0";
			developmentRegion = en;
			hasScannedForEncodings = 0;
			knownRegions = (
				en,
				Base,
			);
			mainGroup = C72F27982BA18B760023A5DF;
			productRefGroup = C72F27A22BA18B760023A5DF /* Products */;
			projectDirPath = "";
			projectRoot = "";
			targets = (
				C72F27A02BA18B760023A5DF /* MainProject */,
				C72F27B62BA18B800023A5DF /* MainProjectTests */,
				C72F27C02BA18B800023A5DF /* MainProjectUITests */,
			);
		};
/* End PBXProject section */

/* Begin PBXResourcesBuildPhase section */
		C72F279F2BA18B760023A5DF /* Resources */ = {
			isa = PBXResourcesBuildPhase;
			buildActionMask = 2147483647;
			files = (
				C72F27B12BA18B800023A5DF /* LaunchScreen.storyboard in Resources */,
				C72F27AE2BA18B800023A5DF /* Assets.xcassets in Resources */,
				C72F27AC2BA18B760023A5DF /* Main.storyboard in Resources */,
			);
			runOnlyForDeploymentPostprocessing = 0;
		};
		C72F27B52BA18B800023A5DF /* Resources */ = {
			isa = PBXResourcesBuildPhase;
			buildActionMask = 2147483647;
			files = (
			);
			runOnlyForDeploymentPostprocessing = 0;
		};
		C72F27BF2BA18B800023A5DF /* Resources */ = {
			isa = PBXResourcesBuildPhase;
			buildActionMask = 2147483647;
			files = (
			);
			runOnlyForDeploymentPostprocessing = 0;
		};
/* End PBXResourcesBuildPhase section */

/* Begin PBXSourcesBuildPhase section */
		C72F279D2BA18B760023A5DF /* Sources */ = {
			isa = PBXSourcesBuildPhase;
			buildActionMask = 2147483647;
			files = (
				C72F27A92BA18B760023A5DF /* ViewController.swift in Sources */,
				C72F27A52BA18B760023A5DF /* AppDelegate.swift in Sources */,
				C72F27A72BA18B760023A5DF /* SceneDelegate.swift in Sources */,
			);
			runOnlyForDeploymentPostprocessing = 0;
		};
		C72F27B32BA18B800023A5DF /* Sources */ = {
			isa = PBXSourcesBuildPhase;
			buildActionMask = 2147483647;
			files = (
				C72F27BC2BA18B800023A5DF /* MainProjectTests.swift in Sources */,
			);
			runOnlyForDeploymentPostprocessing = 0;
		};
		C72F27BD2BA18B800023A5DF /* Sources */ = {
			isa = PBXSourcesBuildPhase;
			buildActionMask = 2147483647;
			files = (
				C72F27C62BA18B800023A5DF /* MainProjectUITests.swift in Sources */,
				C72F27C82BA18B800023A5DF /* MainProjectUITestsLaunchTests.swift in Sources */,
			);
			runOnlyForDeploymentPostprocessing = 0;
		};
/* End PBXSourcesBuildPhase section */

/* Begin PBXTargetDependency section */
		C72F27B92BA18B800023A5DF /* PBXTargetDependency */ = {
			isa = PBXTargetDependency;
			target = C72F27A02BA18B760023A5DF /* MainProject */;
			targetProxy = C72F27B82BA18B800023A5DF /* PBXContainerItemProxy */;
		};
		C72F27C32BA18B800023A5DF /* PBXTargetDependency */ = {
			isa = PBXTargetDependency;
			target = C72F27A02BA18B760023A5DF /* MainProject */;
			targetProxy = C72F27C22BA18B800023A5DF /* PBXContainerItemProxy */;
		};
/* End PBXTargetDependency section */

/* Begin PBXVariantGroup section */
		C72F27AA2BA18B760023A5DF /* Main.storyboard */ = {
			isa = PBXVariantGroup;
			children = (
				C72F27AB2BA18B760023A5DF /* Base */,
			);
			name = Main.storyboard;
			sourceTree = "<group>";
		};
		C72F27AF2BA18B800023A5DF /* LaunchScreen.storyboard */ = {
			isa = PBXVariantGroup;
			children = (
				C72F27B02BA18B800023A5DF /* Base */,
			);
			name = LaunchScreen.storyboard;
			sourceTree = "<group>";
		};
/* End PBXVariantGroup section */

/* Begin XCBuildConfiguration section */
		C72F27C92BA18B800023A5DF /* Debug */ = {
			isa = XCBuildConfiguration;
			buildSettings = {
				ALWAYS_SEARCH_USER_PATHS = NO;
				ASSETCATALOG_COMPILER_GENERATE_SWIFT_ASSET_SYMBOL_EXTENSIONS = YES;
				CLANG_ANALYZER_NONNULL = YES;
				CLANG_ANALYZER_NUMBER_OBJECT_CONVERSION = YES_AGGRESSIVE;
				CLANG_CXX_LANGUAGE_STANDARD = "gnu++20";
				CLANG_ENABLE_MODULES = YES;
				CLANG_ENABLE_OBJC_ARC = YES;
				CLANG_ENABLE_OBJC_WEAK = YES;
				CLANG_WARN_BLOCK_CAPTURE_AUTORELEASING = YES;
				CLANG_WARN_BOOL_CONVERSION = YES;
				CLANG_WARN_COMMA = YES;
				CLANG_WARN_CONSTANT_CONVERSION = YES;
				CLANG_WARN_DEPRECATED_OBJC_IMPLEMENTATIONS = YES;
				CLANG_WARN_DIRECT_OBJC_ISA_USAGE = YES_ERROR;
				CLANG_WARN_DOCUMENTATION_COMMENTS = YES;
				CLANG_WARN_EMPTY_BODY = YES;
				CLANG_WARN_ENUM_CONVERSION = YES;
				CLANG_WARN_INFINITE_RECURSION = YES;
				CLANG_WARN_INT_CONVERSION = YES;
				CLANG_WARN_NON_LITERAL_NULL_CONVERSION = YES;
				CLANG_WARN_OBJC_IMPLICIT_RETAIN_SELF = YES;
				CLANG_WARN_OBJC_LITERAL_CONVERSION = YES;
				CLANG_WARN_OBJC_ROOT_CLASS = YES_ERROR;
				CLANG_WARN_QUOTED_INCLUDE_IN_FRAMEWORK_HEADER = YES;
				CLANG_WARN_RANGE_LOOP_ANALYSIS = YES;
				CLANG_WARN_STRICT_PROTOTYPES = YES;
				CLANG_WARN_SUSPICIOUS_MOVE = YES;
				CLANG_WARN_UNGUARDED_AVAILABILITY = YES_AGGRESSIVE;
				CLANG_WARN_UNREACHABLE_CODE = YES;
				CLANG_WARN__DUPLICATE_METHOD_MATCH = YES;
				COPY_PHASE_STRIP = NO;
				DEBUG_INFORMATION_FORMAT = dwarf;
				ENABLE_STRICT_OBJC_MSGSEND = YES;
				ENABLE_TESTABILITY = YES;
				ENABLE_USER_SCRIPT_SANDBOXING = YES;
				GCC_C_LANGUAGE_STANDARD = gnu17;
				GCC_DYNAMIC_NO_PIC = NO;
				GCC_NO_COMMON_BLOCKS = YES;
				GCC_OPTIMIZATION_LEVEL = 0;
				GCC_PREPROCESSOR_DEFINITIONS = (
					"DEBUG=1",
					"$(inherited)",
				);
				GCC_WARN_64_TO_32_BIT_CONVERSION = YES;
				GCC_WARN_ABOUT_RETURN_TYPE = YES_ERROR;
				GCC_WARN_UNDECLARED_SELECTOR = YES;
				GCC_WARN_UNINITIALIZED_AUTOS = YES_AGGRESSIVE;
				GCC_WARN_UNUSED_FUNCTION = YES;
				GCC_WARN_UNUSED_VARIABLE = YES;
				IPHONEOS_DEPLOYMENT_TARGET = 17.2;
				LOCALIZATION_PREFERS_STRING_CATALOGS = YES;
				MTL_ENABLE_DEBUG_INFO = INCLUDE_SOURCE;
				MTL_FAST_MATH = YES;
				ONLY_ACTIVE_ARCH = YES;
				SDKROOT = iphoneos;
				SWIFT_ACTIVE_COMPILATION_CONDITIONS = "DEBUG $(inherited)";
				SWIFT_OPTIMIZATION_LEVEL = "-Onone";
			};
			name = Debug;
		};
		C72F27CA2BA18B800023A5DF /* Release */ = {
			isa = XCBuildConfiguration;
			buildSettings = {
				ALWAYS_SEARCH_USER_PATHS = NO;
				ASSETCATALOG_COMPILER_GENERATE_SWIFT_ASSET_SYMBOL_EXTENSIONS = YES;
				CLANG_ANALYZER_NONNULL = YES;
				CLANG_ANALYZER_NUMBER_OBJECT_CONVERSION = YES_AGGRESSIVE;
				CLANG_CXX_LANGUAGE_STANDARD = "gnu++20";
				CLANG_ENABLE_MODULES = YES;
				CLANG_ENABLE_OBJC_ARC = YES;
				CLANG_ENABLE_OBJC_WEAK = YES;
				CLANG_WARN_BLOCK_CAPTURE_AUTORELEASING = YES;
				CLANG_WARN_BOOL_CONVERSION = YES;
				CLANG_WARN_COMMA = YES;
				CLANG_WARN_CONSTANT_CONVERSION = YES;
				CLANG_WARN_DEPRECATED_OBJC_IMPLEMENTATIONS = YES;
				CLANG_WARN_DIRECT_OBJC_ISA_USAGE = YES_ERROR;
				CLANG_WARN_DOCUMENTATION_COMMENTS = YES;
				CLANG_WARN_EMPTY_BODY = YES;
				CLANG_WARN_ENUM_CONVERSION = YES;
				CLANG_WARN_INFINITE_RECURSION = YES;
				CLANG_WARN_INT_CONVERSION = YES;
				CLANG_WARN_NON_LITERAL_NULL_CONVERSION = YES;
				CLANG_WARN_OBJC_IMPLICIT_RETAIN_SELF = YES;
				CLANG_WARN_OBJC_LITERAL_CONVERSION = YES;
				CLANG_WARN_OBJC_ROOT_CLASS = YES_ERROR;
				CLANG_WARN_QUOTED_INCLUDE_IN_FRAMEWORK_HEADER = YES;
				CLANG_WARN_RANGE_LOOP_ANALYSIS = YES;
				CLANG_WARN_STRICT_PROTOTYPES = YES;
				CLANG_WARN_SUSPICIOUS_MOVE = YES;
				CLANG_WARN_UNGUARDED_AVAILABILITY = YES_AGGRESSIVE;
				CLANG_WARN_UNREACHABLE_CODE = YES;
				CLANG_WARN__DUPLICATE_METHOD_MATCH = YES;
				COPY_PHASE_STRIP = NO;
				DEBUG_INFORMATION_FORMAT = "dwarf-with-dsym";
				ENABLE_NS_ASSERTIONS = NO;
				ENABLE_STRICT_OBJC_MSGSEND = YES;
				ENABLE_USER_SCRIPT_SANDBOXING = YES;
				GCC_C_LANGUAGE_STANDARD = gnu17;
				GCC_NO_COMMON_BLOCKS = YES;
				GCC_WARN_64_TO_32_BIT_CONVERSION = YES;
				GCC_WARN_ABOUT_RETURN_TYPE = YES_ERROR;
				GCC_WARN_UNDECLARED_SELECTOR = YES;
				GCC_WARN_UNINITIALIZED_AUTOS = YES_AGGRESSIVE;
				GCC_WARN_UNUSED_FUNCTION = YES;
				GCC_WARN_UNUSED_VARIABLE = YES;
				IPHONEOS_DEPLOYMENT_TARGET = 17.2;
				LOCALIZATION_PREFERS_STRING_CATALOGS = YES;
				MTL_ENABLE_DEBUG_INFO = NO;
				MTL_FAST_MATH = YES;
				SDKROOT = iphoneos;
				SWIFT_COMPILATION_MODE = wholemodule;
				VALIDATE_PRODUCT = YES;
			};
			name = Release;
		};
		C72F27CC2BA18B800023A5DF /* Debug */ = {
			isa = XCBuildConfiguration;
			buildSettings = {
				ASSETCATALOG_COMPILER_APPICON_NAME = AppIcon;
				ASSETCATALOG_COMPILER_GLOBAL_ACCENT_COLOR_NAME = AccentColor;
				CODE_SIGN_STYLE = Automatic;
				CURRENT_PROJECT_VERSION = 1;
				DEVELOPMENT_TEAM = VGWR98A2DD;
				GENERATE_INFOPLIST_FILE = YES;
				INFOPLIST_FILE = MainProject/Info.plist;
				INFOPLIST_KEY_UIApplicationSupportsIndirectInputEvents = YES;
				INFOPLIST_KEY_UILaunchStoryboardName = LaunchScreen;
				INFOPLIST_KEY_UIMainStoryboardFile = Main;
				INFOPLIST_KEY_UISupportedInterfaceOrientations_iPad = "UIInterfaceOrientationPortrait UIInterfaceOrientationPortraitUpsideDown UIInterfaceOrientationLandscapeLeft UIInterfaceOrientationLandscapeRight";
				INFOPLIST_KEY_UISupportedInterfaceOrientations_iPhone = "UIInterfaceOrientationPortrait UIInterfaceOrientationLandscapeLeft UIInterfaceOrientationLandscapeRight";
				LD_RUNPATH_SEARCH_PATHS = (
					"$(inherited)",
					"@executable_path/Frameworks",
				);
				MARKETING_VERSION = 1.0;
				PRODUCT_BUNDLE_IDENTIFIER = com.celleus.MainProject;
				PRODUCT_NAME = "$(TARGET_NAME)";
				SWIFT_EMIT_LOC_STRINGS = YES;
				SWIFT_VERSION = 5.0;
				TARGETED_DEVICE_FAMILY = "1,2";
			};
			name = Debug;
		};
		C72F27CD2BA18B800023A5DF /* Release */ = {
			isa = XCBuildConfiguration;
			buildSettings = {
				ASSETCATALOG_COMPILER_APPICON_NAME = AppIcon;
				ASSETCATALOG_COMPILER_GLOBAL_ACCENT_COLOR_NAME = AccentColor;
				CODE_SIGN_STYLE = Automatic;
				CURRENT_PROJECT_VERSION = 1;
				DEVELOPMENT_TEAM = VGWR98A2DD;
				GENERATE_INFOPLIST_FILE = YES;
				INFOPLIST_FILE = MainProject/Info.plist;
				INFOPLIST_KEY_UIApplicationSupportsIndirectInputEvents = YES;
				INFOPLIST_KEY_UILaunchStoryboardName = LaunchScreen;
				INFOPLIST_KEY_UIMainStoryboardFile = Main;
				INFOPLIST_KEY_UISupportedInterfaceOrientations_iPad = "UIInterfaceOrientationPortrait UIInterfaceOrientationPortraitUpsideDown UIInterfaceOrientationLandscapeLeft UIInterfaceOrientationLandscapeRight";
				INFOPLIST_KEY_UISupportedInterfaceOrientations_iPhone = "UIInterfaceOrientationPortrait UIInterfaceOrientationLandscapeLeft UIInterfaceOrientationLandscapeRight";
				LD_RUNPATH_SEARCH_PATHS = (
					"$(inherited)",
					"@executable_path/Frameworks",
				);
				MARKETING_VERSION = 1.0;
				PRODUCT_BUNDLE_IDENTIFIER = com.celleus.MainProject;
				PRODUCT_NAME = "$(TARGET_NAME)";
				SWIFT_EMIT_LOC_STRINGS = YES;
				SWIFT_VERSION = 5.0;
				TARGETED_DEVICE_FAMILY = "1,2";
			};
			name = Release;
		};
		C72F27CF2BA18B800023A5DF /* Debug */ = {
			isa = XCBuildConfiguration;
			buildSettings = {
				ALWAYS_EMBED_SWIFT_STANDARD_LIBRARIES = YES;
				BUNDLE_LOADER = "$(TEST_HOST)";
				CODE_SIGN_STYLE = Automatic;
				CURRENT_PROJECT_VERSION = 1;
				DEVELOPMENT_TEAM = VGWR98A2DD;
				GENERATE_INFOPLIST_FILE = YES;
				IPHONEOS_DEPLOYMENT_TARGET = 17.2;
				MARKETING_VERSION = 1.0;
				PRODUCT_BUNDLE_IDENTIFIER = com.celleus.MainProjectTests;
				PRODUCT_NAME = "$(TARGET_NAME)";
				SWIFT_EMIT_LOC_STRINGS = NO;
				SWIFT_VERSION = 5.0;
				TARGETED_DEVICE_FAMILY = "1,2";
				TEST_HOST = "$(BUILT_PRODUCTS_DIR)/MainProject.app/$(BUNDLE_EXECUTABLE_FOLDER_PATH)/MainProject";
			};
			name = Debug;
		};
		C72F27D02BA18B800023A5DF /* Release */ = {
			isa = XCBuildConfiguration;
			buildSettings = {
				ALWAYS_EMBED_SWIFT_STANDARD_LIBRARIES = YES;
				BUNDLE_LOADER = "$(TEST_HOST)";
				CODE_SIGN_STYLE = Automatic;
				CURRENT_PROJECT_VERSION = 1;
				DEVELOPMENT_TEAM = VGWR98A2DD;
				GENERATE_INFOPLIST_FILE = YES;
				IPHONEOS_DEPLOYMENT_TARGET = 17.2;
				MARKETING_VERSION = 1.0;
				PRODUCT_BUNDLE_IDENTIFIER = com.celleus.MainProjectTests;
				PRODUCT_NAME = "$(TARGET_NAME)";
				SWIFT_EMIT_LOC_STRINGS = NO;
				SWIFT_VERSION = 5.0;
				TARGETED_DEVICE_FAMILY = "1,2";
				TEST_HOST = "$(BUILT_PRODUCTS_DIR)/MainProject.app/$(BUNDLE_EXECUTABLE_FOLDER_PATH)/MainProject";
			};
			name = Release;
		};
		C72F27D22BA18B800023A5DF /* Debug */ = {
			isa = XCBuildConfiguration;
			buildSettings = {
				ALWAYS_EMBED_SWIFT_STANDARD_LIBRARIES = YES;
				CODE_SIGN_STYLE = Automatic;
				CURRENT_PROJECT_VERSION = 1;
				DEVELOPMENT_TEAM = VGWR98A2DD;
				GENERATE_INFOPLIST_FILE = YES;
				MARKETING_VERSION = 1.0;
				PRODUCT_BUNDLE_IDENTIFIER = com.celleus.MainProjectUITests;
				PRODUCT_NAME = "$(TARGET_NAME)";
				SWIFT_EMIT_LOC_STRINGS = NO;
				SWIFT_VERSION = 5.0;
				TARGETED_DEVICE_FAMILY = "1,2";
				TEST_TARGET_NAME = MainProject;
			};
			name = Debug;
		};
		C72F27D32BA18B800023A5DF /* Release */ = {
			isa = XCBuildConfiguration;
			buildSettings = {
				ALWAYS_EMBED_SWIFT_STANDARD_LIBRARIES = YES;
				CODE_SIGN_STYLE = Automatic;
				CURRENT_PROJECT_VERSION = 1;
				DEVELOPMENT_TEAM = VGWR98A2DD;
				GENERATE_INFOPLIST_FILE = YES;
				MARKETING_VERSION = 1.0;
				PRODUCT_BUNDLE_IDENTIFIER = com.celleus.MainProjectUITests;
				PRODUCT_NAME = "$(TARGET_NAME)";
				SWIFT_EMIT_LOC_STRINGS = NO;
				SWIFT_VERSION = 5.0;
				TARGETED_DEVICE_FAMILY = "1,2";
				TEST_TARGET_NAME = MainProject;
			};
			name = Release;
		};
/* End XCBuildConfiguration section */

/* Begin XCConfigurationList section */
		C72F279C2BA18B760023A5DF /* Build configuration list for PBXProject "MainProject" */ = {
			isa = XCConfigurationList;
			buildConfigurations = (
				C72F27C92BA18B800023A5DF /* Debug */,
				C72F27CA2BA18B800023A5DF /* Release */,
			);
			defaultConfigurationIsVisible = 0;
			defaultConfigurationName = Release;
		};
		C72F27CB2BA18B800023A5DF /* Build configuration list for PBXNativeTarget "MainProject" */ = {
			isa = XCConfigurationList;
			buildConfigurations = (
				C72F27CC2BA18B800023A5DF /* Debug */,
				C72F27CD2BA18B800023A5DF /* Release */,
			);
			defaultConfigurationIsVisible = 0;
			defaultConfigurationName = Release;
		};
		C72F27CE2BA18B800023A5DF /* Build configuration list for PBXNativeTarget "MainProjectTests" */ = {
			isa = XCConfigurationList;
			buildConfigurations = (
				C72F27CF2BA18B800023A5DF /* Debug */,
				C72F27D02BA18B800023A5DF /* Release */,
			);
			defaultConfigurationIsVisible = 0;
			defaultConfigurationName = Release;
		};
		C72F27D12BA18B800023A5DF /* Build configuration list for PBXNativeTarget "MainProjectUITests" */ = {
			isa = XCConfigurationList;
			buildConfigurations = (
				C72F27D22BA18B800023A5DF /* Debug */,
				C72F27D32BA18B800023A5DF /* Release */,
			);
			defaultConfigurationIsVisible = 0;
			defaultConfigurationName = Release;
		};
/* End XCConfigurationList section */
	};
	rootObject = C72F27992BA18B760023A5DF /* Project object */;
}
